PODS:
  - country_codes (0.0.1):
    - Flutter
  - Flutter (1.0.0)

DEPENDENCIES:
  - country_codes (from `.symlinks/plugins/country_codes/ios`)
  - Flutter (from `Flutter`)

EXTERNAL SOURCES:
  country_codes:
    :path: ".symlinks/plugins/country_codes/ios"
  Flutter:
    :path: Flutter

SPEC CHECKSUMS:
  country_codes: b0900f46ad686281d5dab438e354e44ad10f5941
  Flutter: 0e3d915762c693b495b44d77113d4970485de6ec

PODFILE CHECKSUM: 1b66dae606f75376c5f2135a8290850eeb09ae83

COCOAPODS: 1.7.5
